
Microsoft Visual Studio Solution File, Format Version 12.00
# Visual Studio Version 17
VisualStudioVersion = 17.9.34902.65
MinimumVisualStudioVersion = 10.0.40219.1
Project("{FAE04EC0-301F-11D3-BF4B-00C04F79EFBC}") = "WeChatFerry.Abstractions", "WeChatFerry.Abstractions\WeChatFerry.Abstractions.csproj", "{74048E05-53F6-4E45-B1E9-38109F69C2C0}"
EndProject
Project("{FAE04EC0-301F-11D3-BF4B-00C04F79EFBC}") = "WeChatFerry", "WeChatFerry\WeChatFerry.csproj", "{9BB7CF40-6E97-42CB-8B0D-DC393014B97B}"
EndProject
Project("{2150E333-8FDC-42A3-9474-1A3956D46DE8}") = "解决方案项", "解决方案项", "{D5671CC7-B79A-43A2-8A3A-1A1FD7E9703B}"
	ProjectSection(SolutionItems) = preProject
		README.md = README.md
	EndProjectSection
EndProject
Project("{FAE04EC0-301F-11D3-BF4B-00C04F79EFBC}") = "WechatFerry.Tests", "WechatFerry.Tests\WechatFerry.Tests.csproj", "{942C7E9F-19EB-4AF5-B8F7-5307FF4EABDB}"
EndProject
Global
	GlobalSection(SolutionConfigurationPlatforms) = preSolution
		Debug|Any CPU = Debug|Any CPU
		Release|Any CPU = Release|Any CPU
	EndGlobalSection
	GlobalSection(ProjectConfigurationPlatforms) = postSolution
		{74048E05-53F6-4E45-B1E9-38109F69C2C0}.Debug|Any CPU.ActiveCfg = Debug|Any CPU
		{74048E05-53F6-4E45-B1E9-38109F69C2C0}.Debug|Any CPU.Build.0 = Debug|Any CPU
		{74048E05-53F6-4E45-B1E9-38109F69C2C0}.Release|Any CPU.ActiveCfg = Release|Any CPU
		{74048E05-53F6-4E45-B1E9-38109F69C2C0}.Release|Any CPU.Build.0 = Release|Any CPU
		{9BB7CF40-6E97-42CB-8B0D-DC393014B97B}.Debug|Any CPU.ActiveCfg = Debug|Any CPU
		{9BB7CF40-6E97-42CB-8B0D-DC393014B97B}.Debug|Any CPU.Build.0 = Debug|Any CPU
		{9BB7CF40-6E97-42CB-8B0D-DC393014B97B}.Release|Any CPU.ActiveCfg = Release|Any CPU
		{9BB7CF40-6E97-42CB-8B0D-DC393014B97B}.Release|Any CPU.Build.0 = Release|Any CPU
		{942C7E9F-19EB-4AF5-B8F7-5307FF4EABDB}.Debug|Any CPU.ActiveCfg = Debug|Any CPU
		{942C7E9F-19EB-4AF5-B8F7-5307FF4EABDB}.Debug|Any CPU.Build.0 = Debug|Any CPU
		{942C7E9F-19EB-4AF5-B8F7-5307FF4EABDB}.Release|Any CPU.ActiveCfg = Release|Any CPU
		{942C7E9F-19EB-4AF5-B8F7-5307FF4EABDB}.Release|Any CPU.Build.0 = Release|Any CPU
	EndGlobalSection
	GlobalSection(SolutionProperties) = preSolution
		HideSolutionNode = FALSE
	EndGlobalSection
	GlobalSection(ExtensibilityGlobals) = postSolution
		SolutionGuid = {0E0388E9-3EA9-42D4-98C2-DD282EE7302C}
	EndGlobalSection
EndGlobal
